
Microsoft Visual Studio Solution File, Format Version 12.00
# Visual Studio Version 16
VisualStudioVersion = 16.0.29102.190
MinimumVisualStudioVersion = 10.0.40219.1
Project("{FAE04EC0-301F-11D3-BF4B-00C04F79EFBC}") = "USBMonitorService", "USBMonitorService.csproj", "{100D1BD8-DD9B-49DD-AF14-8F3238FB9F6F}"
EndProject
Global
	GlobalSection(SolutionConfigurationPlatforms) = preSolution
		Debug|Any CPU = Debug|Any CPU
		Release|Any CPU = Release|Any CPU
	EndGlobalSection
	GlobalSection(ProjectConfigurationPlatforms) = postSolution
		{100D1BD8-DD9B-49DD-AF14-8F3238FB9F6F}.Debug|Any CPU.ActiveCfg = Debug|Any CPU
		{100D1BD8-DD9B-49DD-AF14-8F3238FB9F6F}.Debug|Any CPU.Build.0 = Debug|Any CPU
		{100D1BD8-DD9B-49DD-AF14-8F3238FB9F6F}.Release|Any CPU.ActiveCfg = Release|Any CPU
		{100D1BD8-DD9B-49DD-AF14-8F3238FB9F6F}.Release|Any CPU.Build.0 = Release|Any CPU
	EndGlobalSection
	GlobalSection(SolutionProperties) = preSolution
		HideSolutionNode = FALSE
	EndGlobalSection
	GlobalSection(ExtensibilityGlobals) = postSolution
		SolutionGuid = {A6B8A52B-1AB0-4F25-A83E-5F5F9282CAB3}
	EndGlobalSection
EndGlobal
